
Microsoft Visual Studio Solution File, Format Version 12.00
# Visual Studio 14
VisualStudioVersion = 14.0.23107.0
MinimumVisualStudioVersion = 10.0.40219.1
Project("{2150E333-8FDC-42A3-9474-1A3956D46DE8}") = "Solution Items", "Solution Items", "{5691C97E-5213-46C1-B11E-68590D3EAA4D}"
EndProject
Project("{FAE04EC0-301F-11D3-BF4B-00C04F79EFBC}") = "FixServer", "FIXServer\FixServer.csproj", "{A5CE5B4B-CB2E-4388-971E-A16262D4B4AB}"
EndProject
Project("{FAE04EC0-301F-11D3-BF4B-00C04F79EFBC}") = "Core", "Core\Core.csproj", "{AB943098-AFD3-46B5-AE2F-14AB1F011759}"
EndProject
Project("{2150E333-8FDC-42A3-9474-1A3956D46DE8}") = "Tests", "Tests", "{E8F2E4C2-01E1-4DBB-8C93-C9437E643B48}"
EndProject
Project("{2150E333-8FDC-42A3-9474-1A3956D46DE8}") = "UnitTests", "UnitTests", "{ED1E3A72-2716-4CDC-ACDA-C2C66FA616DC}"
EndProject
Project("{FAE04EC0-301F-11D3-BF4B-00C04F79EFBC}") = "CoreTests", "..\tests\unittests\CoreTests\CoreTests.csproj", "{E879506B-7B4D-4F30-A2E5-3C33BAB50D3F}"
EndProject
Project("{FAE04EC0-301F-11D3-BF4B-00C04F79EFBC}") = "FixServerTests", "..\tests\unittests\FIXServerTests\FixServerTests.csproj", "{B48DEF09-0F61-4F4E-ACC4-F714B3C9869F}"
EndProject
Global
	GlobalSection(SolutionConfigurationPlatforms) = preSolution
		Debug|Any CPU = Debug|Any CPU
		Release|Any CPU = Release|Any CPU
	EndGlobalSection
	GlobalSection(ProjectConfigurationPlatforms) = postSolution
		{A5CE5B4B-CB2E-4388-971E-A16262D4B4AB}.Debug|Any CPU.ActiveCfg = Debug|Any CPU
		{A5CE5B4B-CB2E-4388-971E-A16262D4B4AB}.Debug|Any CPU.Build.0 = Debug|Any CPU
		{A5CE5B4B-CB2E-4388-971E-A16262D4B4AB}.Release|Any CPU.ActiveCfg = Release|Any CPU
		{A5CE5B4B-CB2E-4388-971E-A16262D4B4AB}.Release|Any CPU.Build.0 = Release|Any CPU
		{AB943098-AFD3-46B5-AE2F-14AB1F011759}.Debug|Any CPU.ActiveCfg = Debug|Any CPU
		{AB943098-AFD3-46B5-AE2F-14AB1F011759}.Debug|Any CPU.Build.0 = Debug|Any CPU
		{AB943098-AFD3-46B5-AE2F-14AB1F011759}.Release|Any CPU.ActiveCfg = Release|Any CPU
		{AB943098-AFD3-46B5-AE2F-14AB1F011759}.Release|Any CPU.Build.0 = Release|Any CPU
		{E879506B-7B4D-4F30-A2E5-3C33BAB50D3F}.Debug|Any CPU.ActiveCfg = Debug|Any CPU
		{E879506B-7B4D-4F30-A2E5-3C33BAB50D3F}.Debug|Any CPU.Build.0 = Debug|Any CPU
		{E879506B-7B4D-4F30-A2E5-3C33BAB50D3F}.Release|Any CPU.ActiveCfg = Release|Any CPU
		{E879506B-7B4D-4F30-A2E5-3C33BAB50D3F}.Release|Any CPU.Build.0 = Release|Any CPU
		{B48DEF09-0F61-4F4E-ACC4-F714B3C9869F}.Debug|Any CPU.ActiveCfg = Debug|Any CPU
		{B48DEF09-0F61-4F4E-ACC4-F714B3C9869F}.Debug|Any CPU.Build.0 = Debug|Any CPU
		{B48DEF09-0F61-4F4E-ACC4-F714B3C9869F}.Release|Any CPU.ActiveCfg = Release|Any CPU
		{B48DEF09-0F61-4F4E-ACC4-F714B3C9869F}.Release|Any CPU.Build.0 = Release|Any CPU
	EndGlobalSection
	GlobalSection(SolutionProperties) = preSolution
		HideSolutionNode = FALSE
	EndGlobalSection
	GlobalSection(NestedProjects) = preSolution
		{ED1E3A72-2716-4CDC-ACDA-C2C66FA616DC} = {E8F2E4C2-01E1-4DBB-8C93-C9437E643B48}
		{E879506B-7B4D-4F30-A2E5-3C33BAB50D3F} = {ED1E3A72-2716-4CDC-ACDA-C2C66FA616DC}
		{B48DEF09-0F61-4F4E-ACC4-F714B3C9869F} = {ED1E3A72-2716-4CDC-ACDA-C2C66FA616DC}
	EndGlobalSection
EndGlobal
